<?xml version="1.0" encoding="utf-8"?>
<Project ToolsVersion="4.0" xmlns="http://schemas.microsoft.com/developer/msbuild/2003">
  <ItemGroup>
    <ClCompile Include="src\ui\abstractbutton.cpp" />
    <ClCompile Include="src\ui\button.cpp" />
    <ClCompile Include="src\ui\lineedit.cpp" />
    <ClCompile Include="src\ui\widget.cpp" />
    <ClCompile Include="src\ui\window.cpp" />
    <ClCompile Include="src\application.cpp" />
    <ClCompile Include="src\winstring.cpp" />
    <ClCompile Include="src\ui\checkbox.cpp" />
    <ClCompile Include="src\ui\label.cpp" />
  </ItemGroup>
  <ItemGroup>
    <ClInclude Include="src\ui\abstractbutton.h" />
    <ClInclude Include="src\ui\button.h" />
    <ClInclude Include="src\ui\lineedit.h" />
    <ClInclude Include="src\ui\widget.h" />
    <ClInclude Include="src\ui\window.h" />
    <ClInclude Include="src\application.h" />
    <ClInclude Include="src\winstring.h" />
    <ClInclude Include="include\winui.h" />
    <ClInclude Include="include\WinUI" />
    <ClInclude Include="src\ui\checkbox.h" />
    <ClInclude Include="src\ui\label.h" />
  </ItemGroup>
</Project>